
Microsoft Visual Studio Solution File, Format Version 12.00
# Visual Studio 15
VisualStudioVersion = 15.0.27703.2026
MinimumVisualStudioVersion = 10.0.40219.1
Project("{9A19103F-16F7-4668-BE54-9A1E7A4F7556}") = "EntityFrameworkCore.AuditR", "src\EntityFrameworkCore.AuditR.csproj", "{7CF7AEB9-79D7-4134-805A-57D23978F253}"
EndProject
Project("{FAE04EC0-301F-11D3-BF4B-00C04F79EFBC}") = "EntityFrameworkCore.AuditR.Test", "test\EntityFrameworkCore.AuditR.Test\EntityFrameworkCore.AuditR.Test.csproj", "{779E8847-5ED1-41E0-9D27-2343166E1E6C}"
EndProject
Global
	GlobalSection(SolutionConfigurationPlatforms) = preSolution
		Debug|Any CPU = Debug|Any CPU
		Release|Any CPU = Release|Any CPU
	EndGlobalSection
	GlobalSection(ProjectConfigurationPlatforms) = postSolution
		{7CF7AEB9-79D7-4134-805A-57D23978F253}.Debug|Any CPU.ActiveCfg = Debug|Any CPU
		{7CF7AEB9-79D7-4134-805A-57D23978F253}.Debug|Any CPU.Build.0 = Debug|Any CPU
		{7CF7AEB9-79D7-4134-805A-57D23978F253}.Release|Any CPU.ActiveCfg = Release|Any CPU
		{7CF7AEB9-79D7-4134-805A-57D23978F253}.Release|Any CPU.Build.0 = Release|Any CPU
		{779E8847-5ED1-41E0-9D27-2343166E1E6C}.Debug|Any CPU.ActiveCfg = Debug|Any CPU
		{779E8847-5ED1-41E0-9D27-2343166E1E6C}.Debug|Any CPU.Build.0 = Debug|Any CPU
		{779E8847-5ED1-41E0-9D27-2343166E1E6C}.Release|Any CPU.ActiveCfg = Release|Any CPU
		{779E8847-5ED1-41E0-9D27-2343166E1E6C}.Release|Any CPU.Build.0 = Release|Any CPU
	EndGlobalSection
	GlobalSection(SolutionProperties) = preSolution
		HideSolutionNode = FALSE
	EndGlobalSection
	GlobalSection(ExtensibilityGlobals) = postSolution
		SolutionGuid = {C5B005A7-104B-4C55-9835-C9AFF3727BB7}
	EndGlobalSection
EndGlobal
